
Microsoft Visual Studio Solution File, Format Version 12.00
# Visual Studio Version 17
VisualStudioVersion = 17.13.35806.99 d17.13
MinimumVisualStudioVersion = 10.0.40219.1
Project("{8BC9CEB8-8B4A-11D0-8D11-00A0C91BC942}") = "DeLuyenWinAPI", "DeLuyenWinAPI.vcxproj", "{38F00A6A-DF9D-4886-B10B-EC328D5D2B00}"
EndProject
Global
	GlobalSection(SolutionConfigurationPlatforms) = preSolution
		Debug|x64 = Debug|x64
		Debug|x86 = Debug|x86
		Release|x64 = Release|x64
		Release|x86 = Release|x86
	EndGlobalSection
	GlobalSection(ProjectConfigurationPlatforms) = postSolution
		{38F00A6A-DF9D-4886-B10B-EC328D5D2B00}.Debug|x64.ActiveCfg = Debug|x64
		{38F00A6A-DF9D-4886-B10B-EC328D5D2B00}.Debug|x64.Build.0 = Debug|x64
		{38F00A6A-DF9D-4886-B10B-EC328D5D2B00}.Debug|x86.ActiveCfg = Debug|Win32
		{38F00A6A-DF9D-4886-B10B-EC328D5D2B00}.Debug|x86.Build.0 = Debug|Win32
		{38F00A6A-DF9D-4886-B10B-EC328D5D2B00}.Release|x64.ActiveCfg = Release|x64
		{38F00A6A-DF9D-4886-B10B-EC328D5D2B00}.Release|x64.Build.0 = Release|x64
		{38F00A6A-DF9D-4886-B10B-EC328D5D2B00}.Release|x86.ActiveCfg = Release|Win32
		{38F00A6A-DF9D-4886-B10B-EC328D5D2B00}.Release|x86.Build.0 = Release|Win32
	EndGlobalSection
	GlobalSection(SolutionProperties) = preSolution
		HideSolutionNode = FALSE
	EndGlobalSection
	GlobalSection(ExtensibilityGlobals) = postSolution
		SolutionGuid = {D6B94A68-6575-40A9-A126-5AF1FB776912}
	EndGlobalSection
EndGlobal
