
Microsoft Visual Studio Solution File, Format Version 12.00
# Visual Studio Version 17
VisualStudioVersion = 17.13.35806.99 d17.13
MinimumVisualStudioVersion = 10.0.40219.1
Project("{FAE04EC0-301F-11D3-BF4B-00C04F79EFBC}") = "BaiTHWebAPI2", "BaiTHWebAPI2.csproj", "{CCF8BD04-6AAE-41EA-B37F-3A60668910D0}"
EndProject
Global
	GlobalSection(SolutionConfigurationPlatforms) = preSolution
		Debug|Any CPU = Debug|Any CPU
		Release|Any CPU = Release|Any CPU
	EndGlobalSection
	GlobalSection(ProjectConfigurationPlatforms) = postSolution
		{CCF8BD04-6AAE-41EA-B37F-3A60668910D0}.Debug|Any CPU.ActiveCfg = Debug|Any CPU
		{CCF8BD04-6AAE-41EA-B37F-3A60668910D0}.Debug|Any CPU.Build.0 = Debug|Any CPU
		{CCF8BD04-6AAE-41EA-B37F-3A60668910D0}.Release|Any CPU.ActiveCfg = Release|Any CPU
		{CCF8BD04-6AAE-41EA-B37F-3A60668910D0}.Release|Any CPU.Build.0 = Release|Any CPU
	EndGlobalSection
	GlobalSection(SolutionProperties) = preSolution
		HideSolutionNode = FALSE
	EndGlobalSection
	GlobalSection(ExtensibilityGlobals) = postSolution
		SolutionGuid = {4C5079B4-D2F0-4C6D-8E3D-7A3016EA5225}
	EndGlobalSection
EndGlobal
